
Microsoft Visual Studio Solution File, Format Version 12.00
# Visual Studio Version 17
VisualStudioVersion = 17.0.31903.59
MinimumVisualStudioVersion = 10.0.40219.1
Project("{FAE04EC0-301F-11D3-BF4B-00C04F79EFBC}") = "UnpackLab.Cli", "UnpackLab.Cli\UnpackLab.Cli.csproj", "{700B7BC8-8590-478A-BD49-5FC1CF491F64}"
EndProject
Project("{FAE04EC0-301F-11D3-BF4B-00C04F79EFBC}") = "UnpackLab.Emu", "UnpackLab.Emu\UnpackLab.Emu.csproj", "{2BCE7A67-1099-4884-93F8-3F2352E34404}"
EndProject
Project("{FAE04EC0-301F-11D3-BF4B-00C04F79EFBC}") = "UnpackLab.Heuristics", "UnpackLab.Heuristics\UnpackLab.Heuristics.csproj", "{41C59CDC-6993-41B0-A55B-CAECED1B36C6}"
EndProject
Project("{FAE04EC0-301F-11D3-BF4B-00C04F79EFBC}") = "UnpackLab.PE", "UnpackLab.PE\UnpackLab.PE.csproj", "{F3A306C5-AC77-4A0D-8D4C-A7CEBC81DAE1}"
EndProject
Project("{FAE04EC0-301F-11D3-BF4B-00C04F79EFBC}") = "UnpackLab.Rebuild", "UnpackLab.Rebuild\UnpackLab.Rebuild.csproj", "{FBB92891-7EF2-4E5F-9C4B-67609EDDA1FC}"
EndProject
Project("{FAE04EC0-301F-11D3-BF4B-00C04F79EFBC}") = "UnpackLab.Reporting", "UnpackLab.Reporting\UnpackLab.Reporting.csproj", "{962C139D-55C4-499C-ABB2-21620A792516}"
EndProject
Project("{FAE04EC0-301F-11D3-BF4B-00C04F79EFBC}") = "UnpackLab.UnpackEngines", "UnpackLab.UnpackEngines\UnpackLab.UnpackEngines.csproj", "{9D837F34-3F82-422D-97B8-FA1458E8C9CF}"
EndProject
Project("{FAE04EC0-301F-11D3-BF4B-00C04F79EFBC}") = "UnpackLab.Tests", "UnpackLab.Tests\UnpackLab.Tests.csproj", "{C506156E-BA4D-4124-AF64-F0A0419DE67E}"
EndProject
Global
	GlobalSection(SolutionConfigurationPlatforms) = preSolution
		Debug|Any CPU = Debug|Any CPU
		Debug|x64 = Debug|x64
		Debug|x86 = Debug|x86
		Release|Any CPU = Release|Any CPU
		Release|x64 = Release|x64
		Release|x86 = Release|x86
	EndGlobalSection
	GlobalSection(ProjectConfigurationPlatforms) = postSolution
		{700B7BC8-8590-478A-BD49-5FC1CF491F64}.Debug|Any CPU.ActiveCfg = Debug|Any CPU
		{700B7BC8-8590-478A-BD49-5FC1CF491F64}.Debug|Any CPU.Build.0 = Debug|Any CPU
		{700B7BC8-8590-478A-BD49-5FC1CF491F64}.Debug|x64.ActiveCfg = Debug|Any CPU
		{700B7BC8-8590-478A-BD49-5FC1CF491F64}.Debug|x64.Build.0 = Debug|Any CPU
		{700B7BC8-8590-478A-BD49-5FC1CF491F64}.Debug|x86.ActiveCfg = Debug|Any CPU
		{700B7BC8-8590-478A-BD49-5FC1CF491F64}.Debug|x86.Build.0 = Debug|Any CPU
		{700B7BC8-8590-478A-BD49-5FC1CF491F64}.Release|Any CPU.ActiveCfg = Release|Any CPU
		{700B7BC8-8590-478A-BD49-5FC1CF491F64}.Release|Any CPU.Build.0 = Release|Any CPU
		{700B7BC8-8590-478A-BD49-5FC1CF491F64}.Release|x64.ActiveCfg = Release|Any CPU
		{700B7BC8-8590-478A-BD49-5FC1CF491F64}.Release|x64.Build.0 = Release|Any CPU
		{700B7BC8-8590-478A-BD49-5FC1CF491F64}.Release|x86.ActiveCfg = Release|Any CPU
		{700B7BC8-8590-478A-BD49-5FC1CF491F64}.Release|x86.Build.0 = Release|Any CPU
		{2BCE7A67-1099-4884-93F8-3F2352E34404}.Debug|Any CPU.ActiveCfg = Debug|Any CPU
		{2BCE7A67-1099-4884-93F8-3F2352E34404}.Debug|Any CPU.Build.0 = Debug|Any CPU
		{2BCE7A67-1099-4884-93F8-3F2352E34404}.Debug|x64.ActiveCfg = Debug|Any CPU
		{2BCE7A67-1099-4884-93F8-3F2352E34404}.Debug|x64.Build.0 = Debug|Any CPU
		{2BCE7A67-1099-4884-93F8-3F2352E34404}.Debug|x86.ActiveCfg = Debug|Any CPU
		{2BCE7A67-1099-4884-93F8-3F2352E34404}.Debug|x86.Build.0 = Debug|Any CPU
		{2BCE7A67-1099-4884-93F8-3F2352E34404}.Release|Any CPU.ActiveCfg = Release|Any CPU
		{2BCE7A67-1099-4884-93F8-3F2352E34404}.Release|Any CPU.Build.0 = Release|Any CPU
		{2BCE7A67-1099-4884-93F8-3F2352E34404}.Release|x64.ActiveCfg = Release|Any CPU
		{2BCE7A67-1099-4884-93F8-3F2352E34404}.Release|x64.Build.0 = Release|Any CPU
		{2BCE7A67-1099-4884-93F8-3F2352E34404}.Release|x86.ActiveCfg = Release|Any CPU
		{2BCE7A67-1099-4884-93F8-3F2352E34404}.Release|x86.Build.0 = Release|Any CPU
		{41C59CDC-6993-41B0-A55B-CAECED1B36C6}.Debug|Any CPU.ActiveCfg = Debug|Any CPU
		{41C59CDC-6993-41B0-A55B-CAECED1B36C6}.Debug|Any CPU.Build.0 = Debug|Any CPU
		{41C59CDC-6993-41B0-A55B-CAECED1B36C6}.Debug|x64.ActiveCfg = Debug|Any CPU
		{41C59CDC-6993-41B0-A55B-CAECED1B36C6}.Debug|x64.Build.0 = Debug|Any CPU
		{41C59CDC-6993-41B0-A55B-CAECED1B36C6}.Debug|x86.ActiveCfg = Debug|Any CPU
		{41C59CDC-6993-41B0-A55B-CAECED1B36C6}.Debug|x86.Build.0 = Debug|Any CPU
		{41C59CDC-6993-41B0-A55B-CAECED1B36C6}.Release|Any CPU.ActiveCfg = Release|Any CPU
		{41C59CDC-6993-41B0-A55B-CAECED1B36C6}.Release|Any CPU.Build.0 = Release|Any CPU
		{41C59CDC-6993-41B0-A55B-CAECED1B36C6}.Release|x64.ActiveCfg = Release|Any CPU
		{41C59CDC-6993-41B0-A55B-CAECED1B36C6}.Release|x64.Build.0 = Release|Any CPU
		{41C59CDC-6993-41B0-A55B-CAECED1B36C6}.Release|x86.ActiveCfg = Release|Any CPU
		{41C59CDC-6993-41B0-A55B-CAECED1B36C6}.Release|x86.Build.0 = Release|Any CPU
		{F3A306C5-AC77-4A0D-8D4C-A7CEBC81DAE1}.Debug|Any CPU.ActiveCfg = Debug|Any CPU
		{F3A306C5-AC77-4A0D-8D4C-A7CEBC81DAE1}.Debug|Any CPU.Build.0 = Debug|Any CPU
		{F3A306C5-AC77-4A0D-8D4C-A7CEBC81DAE1}.Debug|x64.ActiveCfg = Debug|Any CPU
		{F3A306C5-AC77-4A0D-8D4C-A7CEBC81DAE1}.Debug|x64.Build.0 = Debug|Any CPU
		{F3A306C5-AC77-4A0D-8D4C-A7CEBC81DAE1}.Debug|x86.ActiveCfg = Debug|Any CPU
		{F3A306C5-AC77-4A0D-8D4C-A7CEBC81DAE1}.Debug|x86.Build.0 = Debug|Any CPU
		{F3A306C5-AC77-4A0D-8D4C-A7CEBC81DAE1}.Release|Any CPU.ActiveCfg = Release|Any CPU
		{F3A306C5-AC77-4A0D-8D4C-A7CEBC81DAE1}.Release|Any CPU.Build.0 = Release|Any CPU
		{F3A306C5-AC77-4A0D-8D4C-A7CEBC81DAE1}.Release|x64.ActiveCfg = Release|Any CPU
		{F3A306C5-AC77-4A0D-8D4C-A7CEBC81DAE1}.Release|x64.Build.0 = Release|Any CPU
		{F3A306C5-AC77-4A0D-8D4C-A7CEBC81DAE1}.Release|x86.ActiveCfg = Release|Any CPU
		{F3A306C5-AC77-4A0D-8D4C-A7CEBC81DAE1}.Release|x86.Build.0 = Release|Any CPU
		{FBB92891-7EF2-4E5F-9C4B-67609EDDA1FC}.Debug|Any CPU.ActiveCfg = Debug|Any CPU
		{FBB92891-7EF2-4E5F-9C4B-67609EDDA1FC}.Debug|Any CPU.Build.0 = Debug|Any CPU
		{FBB92891-7EF2-4E5F-9C4B-67609EDDA1FC}.Debug|x64.ActiveCfg = Debug|Any CPU
		{FBB92891-7EF2-4E5F-9C4B-67609EDDA1FC}.Debug|x64.Build.0 = Debug|Any CPU
		{FBB92891-7EF2-4E5F-9C4B-67609EDDA1FC}.Debug|x86.ActiveCfg = Debug|Any CPU
		{FBB92891-7EF2-4E5F-9C4B-67609EDDA1FC}.Debug|x86.Build.0 = Debug|Any CPU
		{FBB92891-7EF2-4E5F-9C4B-67609EDDA1FC}.Release|Any CPU.ActiveCfg = Release|Any CPU
		{FBB92891-7EF2-4E5F-9C4B-67609EDDA1FC}.Release|Any CPU.Build.0 = Release|Any CPU
		{FBB92891-7EF2-4E5F-9C4B-67609EDDA1FC}.Release|x64.ActiveCfg = Release|Any CPU
		{FBB92891-7EF2-4E5F-9C4B-67609EDDA1FC}.Release|x64.Build.0 = Release|Any CPU
		{FBB92891-7EF2-4E5F-9C4B-67609EDDA1FC}.Release|x86.ActiveCfg = Release|Any CPU
		{FBB92891-7EF2-4E5F-9C4B-67609EDDA1FC}.Release|x86.Build.0 = Release|Any CPU
		{962C139D-55C4-499C-ABB2-21620A792516}.Debug|Any CPU.ActiveCfg = Debug|Any CPU
		{962C139D-55C4-499C-ABB2-21620A792516}.Debug|Any CPU.Build.0 = Debug|Any CPU
		{962C139D-55C4-499C-ABB2-21620A792516}.Debug|x64.ActiveCfg = Debug|Any CPU
		{962C139D-55C4-499C-ABB2-21620A792516}.Debug|x64.Build.0 = Debug|Any CPU
		{962C139D-55C4-499C-ABB2-21620A792516}.Debug|x86.ActiveCfg = Debug|Any CPU
		{962C139D-55C4-499C-ABB2-21620A792516}.Debug|x86.Build.0 = Debug|Any CPU
		{962C139D-55C4-499C-ABB2-21620A792516}.Release|Any CPU.ActiveCfg = Release|Any CPU
		{962C139D-55C4-499C-ABB2-21620A792516}.Release|Any CPU.Build.0 = Release|Any CPU
		{962C139D-55C4-499C-ABB2-21620A792516}.Release|x64.ActiveCfg = Release|Any CPU
		{962C139D-55C4-499C-ABB2-21620A792516}.Release|x64.Build.0 = Release|Any CPU
		{962C139D-55C4-499C-ABB2-21620A792516}.Release|x86.ActiveCfg = Release|Any CPU
		{962C139D-55C4-499C-ABB2-21620A792516}.Release|x86.Build.0 = Release|Any CPU
		{9D837F34-3F82-422D-97B8-FA1458E8C9CF}.Debug|Any CPU.ActiveCfg = Debug|Any CPU
		{9D837F34-3F82-422D-97B8-FA1458E8C9CF}.Debug|Any CPU.Build.0 = Debug|Any CPU
		{9D837F34-3F82-422D-97B8-FA1458E8C9CF}.Debug|x64.ActiveCfg = Debug|Any CPU
		{9D837F34-3F82-422D-97B8-FA1458E8C9CF}.Debug|x64.Build.0 = Debug|Any CPU
		{9D837F34-3F82-422D-97B8-FA1458E8C9CF}.Debug|x86.ActiveCfg = Debug|Any CPU
		{9D837F34-3F82-422D-97B8-FA1458E8C9CF}.Debug|x86.Build.0 = Debug|Any CPU
		{9D837F34-3F82-422D-97B8-FA1458E8C9CF}.Release|Any CPU.ActiveCfg = Release|Any CPU
		{9D837F34-3F82-422D-97B8-FA1458E8C9CF}.Release|Any CPU.Build.0 = Release|Any CPU
		{9D837F34-3F82-422D-97B8-FA1458E8C9CF}.Release|x64.ActiveCfg = Release|Any CPU
		{9D837F34-3F82-422D-97B8-FA1458E8C9CF}.Release|x64.Build.0 = Release|Any CPU
		{9D837F34-3F82-422D-97B8-FA1458E8C9CF}.Release|x86.ActiveCfg = Release|Any CPU
		{9D837F34-3F82-422D-97B8-FA1458E8C9CF}.Release|x86.Build.0 = Release|Any CPU
		{C506156E-BA4D-4124-AF64-F0A0419DE67E}.Debug|Any CPU.ActiveCfg = Debug|Any CPU
		{C506156E-BA4D-4124-AF64-F0A0419DE67E}.Debug|Any CPU.Build.0 = Debug|Any CPU
		{C506156E-BA4D-4124-AF64-F0A0419DE67E}.Debug|x64.ActiveCfg = Debug|Any CPU
		{C506156E-BA4D-4124-AF64-F0A0419DE67E}.Debug|x64.Build.0 = Debug|Any CPU
		{C506156E-BA4D-4124-AF64-F0A0419DE67E}.Debug|x86.ActiveCfg = Debug|Any CPU
		{C506156E-BA4D-4124-AF64-F0A0419DE67E}.Debug|x86.Build.0 = Debug|Any CPU
		{C506156E-BA4D-4124-AF64-F0A0419DE67E}.Release|Any CPU.ActiveCfg = Release|Any CPU
		{C506156E-BA4D-4124-AF64-F0A0419DE67E}.Release|Any CPU.Build.0 = Release|Any CPU
		{C506156E-BA4D-4124-AF64-F0A0419DE67E}.Release|x64.ActiveCfg = Release|Any CPU
		{C506156E-BA4D-4124-AF64-F0A0419DE67E}.Release|x64.Build.0 = Release|Any CPU
		{C506156E-BA4D-4124-AF64-F0A0419DE67E}.Release|x86.ActiveCfg = Release|Any CPU
		{C506156E-BA4D-4124-AF64-F0A0419DE67E}.Release|x86.Build.0 = Release|Any CPU
	EndGlobalSection
	GlobalSection(SolutionProperties) = preSolution
		HideSolutionNode = FALSE
	EndGlobalSection
EndGlobal
